
Microsoft Visual Studio Solution File, Format Version 12.00
# Visual Studio Version 17
VisualStudioVersion = 17.8.34330.188
MinimumVisualStudioVersion = 10.0.40219.1
Project("{FAE04EC0-301F-11D3-BF4B-00C04F79EFBC}") = "patternsSamples", "patternsSamples.csproj", "{BEE29667-E069-4BB9-A652-82A347A16739}"
EndProject
Global
	GlobalSection(SolutionConfigurationPlatforms) = preSolution
		Debug|Any CPU = Debug|Any CPU
		Release|Any CPU = Release|Any CPU
	EndGlobalSection
	GlobalSection(ProjectConfigurationPlatforms) = postSolution
		{BEE29667-E069-4BB9-A652-82A347A16739}.Debug|Any CPU.ActiveCfg = Debug|Any CPU
		{BEE29667-E069-4BB9-A652-82A347A16739}.Debug|Any CPU.Build.0 = Debug|Any CPU
		{BEE29667-E069-4BB9-A652-82A347A16739}.Release|Any CPU.ActiveCfg = Release|Any CPU
		{BEE29667-E069-4BB9-A652-82A347A16739}.Release|Any CPU.Build.0 = Release|Any CPU
	EndGlobalSection
	GlobalSection(SolutionProperties) = preSolution
		HideSolutionNode = FALSE
	EndGlobalSection
	GlobalSection(ExtensibilityGlobals) = postSolution
		SolutionGuid = {04A302A6-48D3-4F20-8124-EA61221A979F}
	EndGlobalSection
EndGlobal
